// !$*UTF8*$!
{
	archiveVersion = 1;
	classes = {
	};
	objectVersion = 56;
	objects = {

/* Begin PBXBuildFile section */
		C38225C82A441A91003B8146 /* AnswersView.swift in Sources */ = {isa = PBXBuildFile; fileRef = C38225C72A441A91003B8146 /* AnswersView.swift */; };
		C38225CD2A441ACC003B8146 /* AnswerViewModel.swift in Sources */ = {isa = PBXBuildFile; fileRef = C38225CC2A441ACC003B8146 /* AnswerViewModel.swift */; };
		C3A81EA12A42ACA000F296F5 /* DemoProjApp.swift in Sources */ = {isa = PBXBuildFile; fileRef = C3A81EA02A42ACA000F296F5 /* DemoProjApp.swift */; };
		C3A81EA32A42ACA000F296F5 /* ContentView.swift in Sources */ = {isa = PBXBuildFile; fileRef = C3A81EA22A42ACA000F296F5 /* ContentView.swift */; };
		C3A81EA52A42ACA100F296F5 /* Assets.xcassets in Resources */ = {isa = PBXBuildFile; fileRef = C3A81EA42A42ACA100F296F5 /* Assets.xcassets */; };
		C3A81EA92A42ACA100F296F5 /* Preview Assets.xcassets in Resources */ = {isa = PBXBuildFile; fileRef = C3A81EA82A42ACA100F296F5 /* Preview Assets.xcassets */; };
		C3A81EB02A42ADA300F296F5 /* CaliforniaTest.json in Resources */ = {isa = PBXBuildFile; fileRef = C3A81EAF2A42ADA300F296F5 /* CaliforniaTest.json */; };
		C3A81EB42A42ADE000F296F5 /* Test.swift in Sources */ = {isa = PBXBuildFile; fileRef = C3A81EB32A42ADE000F296F5 /* Test.swift */; };
		C3A81EB72A42AEE200F296F5 /* Decoder.swift in Sources */ = {isa = PBXBuildFile; fileRef = C3A81EB62A42AEE200F296F5 /* Decoder.swift */; };
/* End PBXBuildFile section */

/* Begin PBXFileReference section */
		C38225C72A441A91003B8146 /* AnswersView.swift */ = {isa = PBXFileReference; lastKnownFileType = sourcecode.swift; path = AnswersView.swift; sourceTree = "<group>"; };
		C38225CC2A441ACC003B8146 /* AnswerViewModel.swift */ = {isa = PBXFileReference; lastKnownFileType = sourcecode.swift; path = AnswerViewModel.swift; sourceTree = "<group>"; };
		C3A81E9D2A42ACA000F296F5 /* DemoProj.app */ = {isa = PBXFileReference; explicitFileType = wrapper.application; includeInIndex = 0; path = DemoProj.app; sourceTree = BUILT_PRODUCTS_DIR; };
		C3A81EA02A42ACA000F296F5 /* DemoProjApp.swift */ = {isa = PBXFileReference; lastKnownFileType = sourcecode.swift; path = DemoProjApp.swift; sourceTree = "<group>"; };
		C3A81EA22A42ACA000F296F5 /* ContentView.swift */ = {isa = PBXFileReference; lastKnownFileType = sourcecode.swift; path = ContentView.swift; sourceTree = "<group>"; };
		C3A81EA42A42ACA100F296F5 /* Assets.xcassets */ = {isa = PBXFileReference; lastKnownFileType = folder.assetcatalog; path = Assets.xcassets; sourceTree = "<group>"; };
		C3A81EA62A42ACA100F296F5 /* DemoProj.entitlements */ = {isa = PBXFileReference; lastKnownFileType = text.plist.entitlements; path = DemoProj.entitlements; sourceTree = "<group>"; };
		C3A81EA82A42ACA100F296F5 /* Preview Assets.xcassets */ = {isa = PBXFileReference; lastKnownFileType = folder.assetcatalog; path = "Preview Assets.xcassets"; sourceTree = "<group>"; };
		C3A81EAF2A42ADA300F296F5 /* CaliforniaTest.json */ = {isa = PBXFileReference; fileEncoding = 4; lastKnownFileType = text.json; path = CaliforniaTest.json; sourceTree = "<group>"; };
		C3A81EB32A42ADE000F296F5 /* Test.swift */ = {isa = PBXFileReference; lastKnownFileType = sourcecode.swift; path = Test.swift; sourceTree = "<group>"; };
		C3A81EB62A42AEE200F296F5 /* Decoder.swift */ = {isa = PBXFileReference; lastKnownFileType = sourcecode.swift; path = Decoder.swift; sourceTree = "<group>"; };
/* End PBXFileReference section */

/* Begin PBXFrameworksBuildPhase section */
		C3A81E9A2A42ACA000F296F5 /* Frameworks */ = {
			isa = PBXFrameworksBuildPhase;
			buildActionMask = 2147483647;
			files = (
			);
			runOnlyForDeploymentPostprocessing = 0;
		};
/* End PBXFrameworksBuildPhase section */

/* Begin PBXGroup section */
		C38225C92A441A9C003B8146 /* MainView */ = {
			isa = PBXGroup;
			children = (
				C3A81EA22A42ACA000F296F5 /* ContentView.swift */,
			);
			path = MainView;
			sourceTree = "<group>";
		};
		C38225CA2A441AB6003B8146 /* AnswersView */ = {
			isa = PBXGroup;
			children = (
				C38225C72A441A91003B8146 /* AnswersView.swift */,
			);
			path = AnswersView;
			sourceTree = "<group>";
		};
		C38225CB2A441AC2003B8146 /* ViewModel */ = {
			isa = PBXGroup;
			children = (
				C38225CC2A441ACC003B8146 /* AnswerViewModel.swift */,
			);
			path = ViewModel;
			sourceTree = "<group>";
		};
		C3A81E942A42AC9F00F296F5 = {
			isa = PBXGroup;
			children = (
				C3A81E9F2A42ACA000F296F5 /* DemoProj */,
				C3A81E9E2A42ACA000F296F5 /* Products */,
			);
			sourceTree = "<group>";
		};
		C3A81E9E2A42ACA000F296F5 /* Products */ = {
			isa = PBXGroup;
			children = (
				C3A81E9D2A42ACA000F296F5 /* DemoProj.app */,
			);
			name = Products;
			sourceTree = "<group>";
		};
		C3A81E9F2A42ACA000F296F5 /* DemoProj */ = {
			isa = PBXGroup;
			children = (
				C38225CB2A441AC2003B8146 /* ViewModel */,
				C3A81EB92A42B39900F296F5 /* View */,
				C3A81EB82A42B38500F296F5 /* Supporting Files */,
				C3A81EB52A42AEC300F296F5 /* Service */,
				C3A81EB22A42ADBB00F296F5 /* Model */,
			);
			path = DemoProj;
			sourceTree = "<group>";
		};
		C3A81EA72A42ACA100F296F5 /* Preview Content */ = {
			isa = PBXGroup;
			children = (
				C3A81EA82A42ACA100F296F5 /* Preview Assets.xcassets */,
			);
			path = "Preview Content";
			sourceTree = "<group>";
		};
		C3A81EB12A42ADAC00F296F5 /* Data */ = {
			isa = PBXGroup;
			children = (
				C3A81EAF2A42ADA300F296F5 /* CaliforniaTest.json */,
			);
			path = Data;
			sourceTree = "<group>";
		};
		C3A81EB22A42ADBB00F296F5 /* Model */ = {
			isa = PBXGroup;
			children = (
				C3A81EB12A42ADAC00F296F5 /* Data */,
				C3A81EB32A42ADE000F296F5 /* Test.swift */,
			);
			path = Model;
			sourceTree = "<group>";
		};
		C3A81EB52A42AEC300F296F5 /* Service */ = {
			isa = PBXGroup;
			children = (
				C3A81EB62A42AEE200F296F5 /* Decoder.swift */,
			);
			path = Service;
			sourceTree = "<group>";
		};
		C3A81EB82A42B38500F296F5 /* Supporting Files */ = {
			isa = PBXGroup;
			children = (
				C3A81EA72A42ACA100F296F5 /* Preview Content */,
				C3A81EA62A42ACA100F296F5 /* DemoProj.entitlements */,
				C3A81EA42A42ACA100F296F5 /* Assets.xcassets */,
				C3A81EA02A42ACA000F296F5 /* DemoProjApp.swift */,
			);
			path = "Supporting Files";
			sourceTree = "<group>";
		};
		C3A81EB92A42B39900F296F5 /* View */ = {
			isa = PBXGroup;
			children = (
				C38225CA2A441AB6003B8146 /* AnswersView */,
				C38225C92A441A9C003B8146 /* MainView */,
			);
			path = View;
			sourceTree = "<group>";
		};
/* End PBXGroup section */

/* Begin PBXNativeTarget section */
		C3A81E9C2A42ACA000F296F5 /* DemoProj */ = {
			isa = PBXNativeTarget;
			buildConfigurationList = C3A81EAC2A42ACA100F296F5 /* Build configuration list for PBXNativeTarget "DemoProj" */;
			buildPhases = (
				C3A81E992A42ACA000F296F5 /* Sources */,
				C3A81E9A2A42ACA000F296F5 /* Frameworks */,
				C3A81E9B2A42ACA000F296F5 /* Resources */,
			);
			buildRules = (
			);
			dependencies = (
			);
			name = DemoProj;
			productName = DemoProj;
			productReference = C3A81E9D2A42ACA000F296F5 /* DemoProj.app */;
			productType = "com.apple.product-type.application";
		};
/* End PBXNativeTarget section */

/* Begin PBXProject section */
		C3A81E952A42AC9F00F296F5 /* Project object */ = {
			isa = PBXProject;
			attributes = {
				BuildIndependentTargetsInParallel = 1;
				LastSwiftUpdateCheck = 1500;
				LastUpgradeCheck = 1500;
				TargetAttributes = {
					C3A81E9C2A42ACA000F296F5 = {
						CreatedOnToolsVersion = 15.0;
					};
				};
			};
			buildConfigurationList = C3A81E982A42AC9F00F296F5 /* Build configuration list for PBXProject "DemoProj" */;
			compatibilityVersion = "Xcode 14.0";
			developmentRegion = en;
			hasScannedForEncodings = 0;
			knownRegions = (
				en,
				Base,
			);
			mainGroup = C3A81E942A42AC9F00F296F5;
			productRefGroup = C3A81E9E2A42ACA000F296F5 /* Products */;
			projectDirPath = "";
			projectRoot = "";
			targets = (
				C3A81E9C2A42ACA000F296F5 /* DemoProj */,
			);
		};
/* End PBXProject section */

/* Begin PBXResourcesBuildPhase section */
		C3A81E9B2A42ACA000F296F5 /* Resources */ = {
			isa = PBXResourcesBuildPhase;
			buildActionMask = 2147483647;
			files = (
				C3A81EA92A42ACA100F296F5 /* Preview Assets.xcassets in Resources */,
				C3A81EA52A42ACA100F296F5 /* Assets.xcassets in Resources */,
				C3A81EB02A42ADA300F296F5 /* CaliforniaTest.json in Resources */,
			);
			runOnlyForDeploymentPostprocessing = 0;
		};
/* End PBXResourcesBuildPhase section */

/* Begin PBXSourcesBuildPhase section */
		C3A81E992A42ACA000F296F5 /* Sources */ = {
			isa = PBXSourcesBuildPhase;
			buildActionMask = 2147483647;
			files = (
				C38225CD2A441ACC003B8146 /* AnswerViewModel.swift in Sources */,
				C3A81EA32A42ACA000F296F5 /* ContentView.swift in Sources */,
				C3A81EA12A42ACA000F296F5 /* DemoProjApp.swift in Sources */,
				C3A81EB72A42AEE200F296F5 /* Decoder.swift in Sources */,
				C3A81EB42A42ADE000F296F5 /* Test.swift in Sources */,
				C38225C82A441A91003B8146 /* AnswersView.swift in Sources */,
			);
			runOnlyForDeploymentPostprocessing = 0;
		};
/* End PBXSourcesBuildPhase section */

/* Begin XCBuildConfiguration section */
		C3A81EAA2A42ACA100F296F5 /* Debug */ = {
			isa = XCBuildConfiguration;
			buildSettings = {
				ALWAYS_SEARCH_USER_PATHS = NO;
				ASSETCATALOG_COMPILER_GENERATE_SWIFT_ASSET_SYMBOL_EXTENSIONS = YES;
				CLANG_ANALYZER_NONNULL = YES;
				CLANG_ANALYZER_NUMBER_OBJECT_CONVERSION = YES_AGGRESSIVE;
				CLANG_CXX_LANGUAGE_STANDARD = "gnu++20";
				CLANG_ENABLE_MODULES = YES;
				CLANG_ENABLE_OBJC_ARC = YES;
				CLANG_ENABLE_OBJC_WEAK = YES;
				CLANG_WARN_BLOCK_CAPTURE_AUTORELEASING = YES;
				CLANG_WARN_BOOL_CONVERSION = YES;
				CLANG_WARN_COMMA = YES;
				CLANG_WARN_CONSTANT_CONVERSION = YES;
				CLANG_WARN_DEPRECATED_OBJC_IMPLEMENTATIONS = YES;
				CLANG_WARN_DIRECT_OBJC_ISA_USAGE = YES_ERROR;
				CLANG_WARN_DOCUMENTATION_COMMENTS = YES;
				CLANG_WARN_EMPTY_BODY = YES;
				CLANG_WARN_ENUM_CONVERSION = YES;
				CLANG_WARN_INFINITE_RECURSION = YES;
				CLANG_WARN_INT_CONVERSION = YES;
				CLANG_WARN_NON_LITERAL_NULL_CONVERSION = YES;
				CLANG_WARN_OBJC_IMPLICIT_RETAIN_SELF = YES;
				CLANG_WARN_OBJC_LITERAL_CONVERSION = YES;
				CLANG_WARN_OBJC_ROOT_CLASS = YES_ERROR;
				CLANG_WARN_QUOTED_INCLUDE_IN_FRAMEWORK_HEADER = YES;
				CLANG_WARN_RANGE_LOOP_ANALYSIS = YES;
				CLANG_WARN_STRICT_PROTOTYPES = YES;
				CLANG_WARN_SUSPICIOUS_MOVE = YES;
				CLANG_WARN_UNGUARDED_AVAILABILITY = YES_AGGRESSIVE;
				CLANG_WARN_UNREACHABLE_CODE = YES;
				CLANG_WARN__DUPLICATE_METHOD_MATCH = YES;
				COPY_PHASE_STRIP = NO;
				DEBUG_INFORMATION_FORMAT = dwarf;
				ENABLE_STRICT_OBJC_MSGSEND = YES;
				ENABLE_TESTABILITY = YES;
				ENABLE_USER_SCRIPT_SANDBOXING = YES;
				GCC_C_LANGUAGE_STANDARD = gnu17;
				GCC_DYNAMIC_NO_PIC = NO;
				GCC_NO_COMMON_BLOCKS = YES;
				GCC_OPTIMIZATION_LEVEL = 0;
				GCC_PREPROCESSOR_DEFINITIONS = (
					"DEBUG=1",
					"$(inherited)",
				);
				GCC_WARN_64_TO_32_BIT_CONVERSION = YES;
				GCC_WARN_ABOUT_RETURN_TYPE = YES_ERROR;
				GCC_WARN_UNDECLARED_SELECTOR = YES;
				GCC_WARN_UNINITIALIZED_AUTOS = YES_AGGRESSIVE;
				GCC_WARN_UNUSED_FUNCTION = YES;
				GCC_WARN_UNUSED_VARIABLE = YES;
				LOCALIZATION_PREFERS_STRING_CATALOGS = YES;
				MTL_ENABLE_DEBUG_INFO = INCLUDE_SOURCE;
				MTL_FAST_MATH = YES;
				ONLY_ACTIVE_ARCH = YES;
				SWIFT_ACTIVE_COMPILATION_CONDITIONS = "DEBUG $(inherited)";
				SWIFT_OPTIMIZATION_LEVEL = "-Onone";
			};
			name = Debug;
		};
		C3A81EAB2A42ACA100F296F5 /* Release */ = {
			isa = XCBuildConfiguration;
			buildSettings = {
				ALWAYS_SEARCH_USER_PATHS = NO;
				ASSETCATALOG_COMPILER_GENERATE_SWIFT_ASSET_SYMBOL_EXTENSIONS = YES;
				CLANG_ANALYZER_NONNULL = YES;
				CLANG_ANALYZER_NUMBER_OBJECT_CONVERSION = YES_AGGRESSIVE;
				CLANG_CXX_LANGUAGE_STANDARD = "gnu++20";
				CLANG_ENABLE_MODULES = YES;
				CLANG_ENABLE_OBJC_ARC = YES;
				CLANG_ENABLE_OBJC_WEAK = YES;
				CLANG_WARN_BLOCK_CAPTURE_AUTORELEASING = YES;
				CLANG_WARN_BOOL_CONVERSION = YES;
				CLANG_WARN_COMMA = YES;
				CLANG_WARN_CONSTANT_CONVERSION = YES;
				CLANG_WARN_DEPRECATED_OBJC_IMPLEMENTATIONS = YES;
				CLANG_WARN_DIRECT_OBJC_ISA_USAGE = YES_ERROR;
				CLANG_WARN_DOCUMENTATION_COMMENTS = YES;
				CLANG_WARN_EMPTY_BODY = YES;
				CLANG_WARN_ENUM_CONVERSION = YES;
				CLANG_WARN_INFINITE_RECURSION = YES;
				CLANG_WARN_INT_CONVERSION = YES;
				CLANG_WARN_NON_LITERAL_NULL_CONVERSION = YES;
				CLANG_WARN_OBJC_IMPLICIT_RETAIN_SELF = YES;
				CLANG_WARN_OBJC_LITERAL_CONVERSION = YES;
				CLANG_WARN_OBJC_ROOT_CLASS = YES_ERROR;
				CLANG_WARN_QUOTED_INCLUDE_IN_FRAMEWORK_HEADER = YES;
				CLANG_WARN_RANGE_LOOP_ANALYSIS = YES;
				CLANG_WARN_STRICT_PROTOTYPES = YES;
				CLANG_WARN_SUSPICIOUS_MOVE = YES;
				CLANG_WARN_UNGUARDED_AVAILABILITY = YES_AGGRESSIVE;
				CLANG_WARN_UNREACHABLE_CODE = YES;
				CLANG_WARN__DUPLICATE_METHOD_MATCH = YES;
				COPY_PHASE_STRIP = NO;
				DEBUG_INFORMATION_FORMAT = "dwarf-with-dsym";
				ENABLE_NS_ASSERTIONS = NO;
				ENABLE_STRICT_OBJC_MSGSEND = YES;
				ENABLE_USER_SCRIPT_SANDBOXING = YES;
				GCC_C_LANGUAGE_STANDARD = gnu17;
				GCC_NO_COMMON_BLOCKS = YES;
				GCC_WARN_64_TO_32_BIT_CONVERSION = YES;
				GCC_WARN_ABOUT_RETURN_TYPE = YES_ERROR;
				GCC_WARN_UNDECLARED_SELECTOR = YES;
				GCC_WARN_UNINITIALIZED_AUTOS = YES_AGGRESSIVE;
				GCC_WARN_UNUSED_FUNCTION = YES;
				GCC_WARN_UNUSED_VARIABLE = YES;
				LOCALIZATION_PREFERS_STRING_CATALOGS = YES;
				MTL_ENABLE_DEBUG_INFO = NO;
				MTL_FAST_MATH = YES;
				SWIFT_COMPILATION_MODE = wholemodule;
			};
			name = Release;
		};
		C3A81EAD2A42ACA100F296F5 /* Debug */ = {
			isa = XCBuildConfiguration;
			buildSettings = {
				ASSETCATALOG_COMPILER_APPICON_NAME = AppIcon;
				ASSETCATALOG_COMPILER_GLOBAL_ACCENT_COLOR_NAME = AccentColor;
				CODE_SIGN_ENTITLEMENTS = "DemoProj/Supporting Files/DemoProj.entitlements";
				CODE_SIGN_STYLE = Automatic;
				CURRENT_PROJECT_VERSION = 1;
				DEVELOPMENT_ASSET_PATHS = "\"DemoProj/Supporting Files/Preview Content\"";
				ENABLE_PREVIEWS = YES;
				GENERATE_INFOPLIST_FILE = YES;
				"INFOPLIST_KEY_UIApplicationSceneManifest_Generation[sdk=iphoneos*]" = YES;
				"INFOPLIST_KEY_UIApplicationSceneManifest_Generation[sdk=iphonesimulator*]" = YES;
				"INFOPLIST_KEY_UIApplicationSupportsIndirectInputEvents[sdk=iphoneos*]" = YES;
				"INFOPLIST_KEY_UIApplicationSupportsIndirectInputEvents[sdk=iphonesimulator*]" = YES;
				"INFOPLIST_KEY_UILaunchScreen_Generation[sdk=iphoneos*]" = YES;
				"INFOPLIST_KEY_UILaunchScreen_Generation[sdk=iphonesimulator*]" = YES;
				"INFOPLIST_KEY_UIStatusBarStyle[sdk=iphoneos*]" = UIStatusBarStyleDefault;
				"INFOPLIST_KEY_UIStatusBarStyle[sdk=iphonesimulator*]" = UIStatusBarStyleDefault;
				INFOPLIST_KEY_UISupportedInterfaceOrientations_iPad = "UIInterfaceOrientationPortrait UIInterfaceOrientationPortraitUpsideDown UIInterfaceOrientationLandscapeLeft UIInterfaceOrientationLandscapeRight";
				INFOPLIST_KEY_UISupportedInterfaceOrientations_iPhone = "UIInterfaceOrientationPortrait UIInterfaceOrientationLandscapeLeft UIInterfaceOrientationLandscapeRight";
				IPHONEOS_DEPLOYMENT_TARGET = 17.0;
				LD_RUNPATH_SEARCH_PATHS = "@executable_path/Frameworks";
				"LD_RUNPATH_SEARCH_PATHS[sdk=macosx*]" = "@executable_path/../Frameworks";
				MACOSX_DEPLOYMENT_TARGET = 13.4;
				MARKETING_VERSION = 1.0;
				PRODUCT_BUNDLE_IDENTIFIER = com.kirillsutormin.DemoProj;
				PRODUCT_NAME = "$(TARGET_NAME)";
				SDKROOT = auto;
				SUPPORTED_PLATFORMS = "iphoneos iphonesimulator macosx";
				SWIFT_EMIT_LOC_STRINGS = YES;
				SWIFT_VERSION = 5.0;
				TARGETED_DEVICE_FAMILY = "1,2";
			};
			name = Debug;
		};
		C3A81EAE2A42ACA100F296F5 /* Release */ = {
			isa = XCBuildConfiguration;
			buildSettings = {
				ASSETCATALOG_COMPILER_APPICON_NAME = AppIcon;
				ASSETCATALOG_COMPILER_GLOBAL_ACCENT_COLOR_NAME = AccentColor;
				CODE_SIGN_ENTITLEMENTS = "DemoProj/Supporting Files/DemoProj.entitlements";
				CODE_SIGN_STYLE = Automatic;
				CURRENT_PROJECT_VERSION = 1;
				DEVELOPMENT_ASSET_PATHS = "\"DemoProj/Supporting Files/Preview Content\"";
				ENABLE_PREVIEWS = YES;
				GENERATE_INFOPLIST_FILE = YES;
				"INFOPLIST_KEY_UIApplicationSceneManifest_Generation[sdk=iphoneos*]" = YES;
				"INFOPLIST_KEY_UIApplicationSceneManifest_Generation[sdk=iphonesimulator*]" = YES;
				"INFOPLIST_KEY_UIApplicationSupportsIndirectInputEvents[sdk=iphoneos*]" = YES;
				"INFOPLIST_KEY_UIApplicationSupportsIndirectInputEvents[sdk=iphonesimulator*]" = YES;
				"INFOPLIST_KEY_UILaunchScreen_Generation[sdk=iphoneos*]" = YES;
				"INFOPLIST_KEY_UILaunchScreen_Generation[sdk=iphonesimulator*]" = YES;
				"INFOPLIST_KEY_UIStatusBarStyle[sdk=iphoneos*]" = UIStatusBarStyleDefault;
				"INFOPLIST_KEY_UIStatusBarStyle[sdk=iphonesimulator*]" = UIStatusBarStyleDefault;
				INFOPLIST_KEY_UISupportedInterfaceOrientations_iPad = "UIInterfaceOrientationPortrait UIInterfaceOrientationPortraitUpsideDown UIInterfaceOrientationLandscapeLeft UIInterfaceOrientationLandscapeRight";
				INFOPLIST_KEY_UISupportedInterfaceOrientations_iPhone = "UIInterfaceOrientationPortrait UIInterfaceOrientationLandscapeLeft UIInterfaceOrientationLandscapeRight";
				IPHONEOS_DEPLOYMENT_TARGET = 17.0;
				LD_RUNPATH_SEARCH_PATHS = "@executable_path/Frameworks";
				"LD_RUNPATH_SEARCH_PATHS[sdk=macosx*]" = "@executable_path/../Frameworks";
				MACOSX_DEPLOYMENT_TARGET = 13.4;
				MARKETING_VERSION = 1.0;
				PRODUCT_BUNDLE_IDENTIFIER = com.kirillsutormin.DemoProj;
				PRODUCT_NAME = "$(TARGET_NAME)";
				SDKROOT = auto;
				SUPPORTED_PLATFORMS = "iphoneos iphonesimulator macosx";
				SWIFT_EMIT_LOC_STRINGS = YES;
				SWIFT_VERSION = 5.0;
				TARGETED_DEVICE_FAMILY = "1,2";
			};
			name = Release;
		};
/* End XCBuildConfiguration section */

/* Begin XCConfigurationList section */
		C3A81E982A42AC9F00F296F5 /* Build configuration list for PBXProject "DemoProj" */ = {
			isa = XCConfigurationList;
			buildConfigurations = (
				C3A81EAA2A42ACA100F296F5 /* Debug */,
				C3A81EAB2A42ACA100F296F5 /* Release */,
			);
			defaultConfigurationIsVisible = 0;
			defaultConfigurationName = Release;
		};
		C3A81EAC2A42ACA100F296F5 /* Build configuration list for PBXNativeTarget "DemoProj" */ = {
			isa = XCConfigurationList;
			buildConfigurations = (
				C3A81EAD2A42ACA100F296F5 /* Debug */,
				C3A81EAE2A42ACA100F296F5 /* Release */,
			);
			defaultConfigurationIsVisible = 0;
			defaultConfigurationName = Release;
		};
/* End XCConfigurationList section */
	};
	rootObject = C3A81E952A42AC9F00F296F5 /* Project object */;
}
